
Microsoft Visual Studio Solution File, Format Version 12.00
# Visual Studio Version 17
VisualStudioVersion = 17.7.34009.444
MinimumVisualStudioVersion = 10.0.40219.1
Project("{888888A0-9F3D-457C-B088-3A5042F75D52}") = "Rectangle", "Rectangle.pyproj", "{64AFBD3B-BF4D-4CA1-8ADC-10CA52E86263}"
EndProject
Global
	GlobalSection(SolutionConfigurationPlatforms) = preSolution
		Debug|Any CPU = Debug|Any CPU
		Release|Any CPU = Release|Any CPU
	EndGlobalSection
	GlobalSection(ProjectConfigurationPlatforms) = postSolution
		{64AFBD3B-BF4D-4CA1-8ADC-10CA52E86263}.Debug|Any CPU.ActiveCfg = Debug|Any CPU
		{64AFBD3B-BF4D-4CA1-8ADC-10CA52E86263}.Release|Any CPU.ActiveCfg = Release|Any CPU
	EndGlobalSection
	GlobalSection(SolutionProperties) = preSolution
		HideSolutionNode = FALSE
	EndGlobalSection
	GlobalSection(ExtensibilityGlobals) = postSolution
		SolutionGuid = {CEC2B09E-3C93-4308-9710-1A5013C0FE61}
	EndGlobalSection
EndGlobal
